
Microsoft Visual Studio Solution File, Format Version 12.00
# Visual Studio Version 17
VisualStudioVersion = 17.0.31903.59
MinimumVisualStudioVersion = 10.0.40219.1
Project("{2150E333-8FDC-42A3-9474-1A3956D46DE8}") = "src", "src", "{827E0CD3-B72D-47B6-A68D-7590B98EB39B}"
EndProject
Project("{FAE04EC0-301F-11D3-BF4B-00C04F79EFBC}") = "PlusOne.Api", "src\PlusOne.Api\PlusOne.Api.csproj", "{37525E82-8E56-44F1-8EF4-32848D0B0149}"
EndProject
Project("{FAE04EC0-301F-11D3-BF4B-00C04F79EFBC}") = "PlusOne.Web", "src\PlusOne.Web\PlusOne.Web.csproj", "{E87169BB-1F06-4543-B0EF-792D8A7C1D9E}"
EndProject
Project("{FAE04EC0-301F-11D3-BF4B-00C04F79EFBC}") = "PlusOne.Contracts", "src\PlusOne.Contracts\PlusOne.Contracts.csproj", "{F55ACC34-D649-455D-AFE1-E37BE2007276}"
EndProject
Project("{2150E333-8FDC-42A3-9474-1A3956D46DE8}") = "tests", "tests", "{0AB3BF05-4346-4AA6-1389-037BE0695223}"
EndProject
Project("{FAE04EC0-301F-11D3-BF4B-00C04F79EFBC}") = "PlusOne.Api.Tests", "tests\PlusOne.Api.Tests\PlusOne.Api.Tests.csproj", "{036796EF-455F-484A-B0C9-810FA1062D46}"
EndProject
Global
	GlobalSection(SolutionConfigurationPlatforms) = preSolution
		Debug|Any CPU = Debug|Any CPU
		Debug|x64 = Debug|x64
		Debug|x86 = Debug|x86
		Release|Any CPU = Release|Any CPU
		Release|x64 = Release|x64
		Release|x86 = Release|x86
	EndGlobalSection
	GlobalSection(ProjectConfigurationPlatforms) = postSolution
		{37525E82-8E56-44F1-8EF4-32848D0B0149}.Debug|Any CPU.ActiveCfg = Debug|Any CPU
		{37525E82-8E56-44F1-8EF4-32848D0B0149}.Debug|Any CPU.Build.0 = Debug|Any CPU
		{37525E82-8E56-44F1-8EF4-32848D0B0149}.Debug|x64.ActiveCfg = Debug|Any CPU
		{37525E82-8E56-44F1-8EF4-32848D0B0149}.Debug|x64.Build.0 = Debug|Any CPU
		{37525E82-8E56-44F1-8EF4-32848D0B0149}.Debug|x86.ActiveCfg = Debug|Any CPU
		{37525E82-8E56-44F1-8EF4-32848D0B0149}.Debug|x86.Build.0 = Debug|Any CPU
		{37525E82-8E56-44F1-8EF4-32848D0B0149}.Release|Any CPU.ActiveCfg = Release|Any CPU
		{37525E82-8E56-44F1-8EF4-32848D0B0149}.Release|Any CPU.Build.0 = Release|Any CPU
		{37525E82-8E56-44F1-8EF4-32848D0B0149}.Release|x64.ActiveCfg = Release|Any CPU
		{37525E82-8E56-44F1-8EF4-32848D0B0149}.Release|x64.Build.0 = Release|Any CPU
		{37525E82-8E56-44F1-8EF4-32848D0B0149}.Release|x86.ActiveCfg = Release|Any CPU
		{37525E82-8E56-44F1-8EF4-32848D0B0149}.Release|x86.Build.0 = Release|Any CPU
		{E87169BB-1F06-4543-B0EF-792D8A7C1D9E}.Debug|Any CPU.ActiveCfg = Debug|Any CPU
		{E87169BB-1F06-4543-B0EF-792D8A7C1D9E}.Debug|Any CPU.Build.0 = Debug|Any CPU
		{E87169BB-1F06-4543-B0EF-792D8A7C1D9E}.Debug|x64.ActiveCfg = Debug|Any CPU
		{E87169BB-1F06-4543-B0EF-792D8A7C1D9E}.Debug|x64.Build.0 = Debug|Any CPU
		{E87169BB-1F06-4543-B0EF-792D8A7C1D9E}.Debug|x86.ActiveCfg = Debug|Any CPU
		{E87169BB-1F06-4543-B0EF-792D8A7C1D9E}.Debug|x86.Build.0 = Debug|Any CPU
		{E87169BB-1F06-4543-B0EF-792D8A7C1D9E}.Release|Any CPU.ActiveCfg = Release|Any CPU
		{E87169BB-1F06-4543-B0EF-792D8A7C1D9E}.Release|Any CPU.Build.0 = Release|Any CPU
		{E87169BB-1F06-4543-B0EF-792D8A7C1D9E}.Release|x64.ActiveCfg = Release|Any CPU
		{E87169BB-1F06-4543-B0EF-792D8A7C1D9E}.Release|x64.Build.0 = Release|Any CPU
		{E87169BB-1F06-4543-B0EF-792D8A7C1D9E}.Release|x86.ActiveCfg = Release|Any CPU
		{E87169BB-1F06-4543-B0EF-792D8A7C1D9E}.Release|x86.Build.0 = Release|Any CPU
		{F55ACC34-D649-455D-AFE1-E37BE2007276}.Debug|Any CPU.ActiveCfg = Debug|Any CPU
		{F55ACC34-D649-455D-AFE1-E37BE2007276}.Debug|Any CPU.Build.0 = Debug|Any CPU
		{F55ACC34-D649-455D-AFE1-E37BE2007276}.Debug|x64.ActiveCfg = Debug|Any CPU
		{F55ACC34-D649-455D-AFE1-E37BE2007276}.Debug|x64.Build.0 = Debug|Any CPU
		{F55ACC34-D649-455D-AFE1-E37BE2007276}.Debug|x86.ActiveCfg = Debug|Any CPU
		{F55ACC34-D649-455D-AFE1-E37BE2007276}.Debug|x86.Build.0 = Debug|Any CPU
		{F55ACC34-D649-455D-AFE1-E37BE2007276}.Release|Any CPU.ActiveCfg = Release|Any CPU
		{F55ACC34-D649-455D-AFE1-E37BE2007276}.Release|Any CPU.Build.0 = Release|Any CPU
		{F55ACC34-D649-455D-AFE1-E37BE2007276}.Release|x64.ActiveCfg = Debug|Any CPU
		{F55ACC34-D649-455D-AFE1-E37BE2007276}.Release|x64.Build.0 = Debug|Any CPU
		{F55ACC34-D649-455D-AFE1-E37BE2007276}.Release|x86.ActiveCfg = Debug|Any CPU
		{F55ACC34-D649-455D-AFE1-E37BE2007276}.Release|x86.Build.0 = Debug|Any CPU
		{036796EF-455F-484A-B0C9-810FA1062D46}.Debug|Any CPU.ActiveCfg = Debug|Any CPU
		{036796EF-455F-484A-B0C9-810FA1062D46}.Debug|Any CPU.Build.0 = Debug|Any CPU
		{036796EF-455F-484A-B0C9-810FA1062D46}.Debug|x64.ActiveCfg = Debug|Any CPU
		{036796EF-455F-484A-B0C9-810FA1062D46}.Debug|x64.Build.0 = Debug|Any CPU
		{036796EF-455F-484A-B0C9-810FA1062D46}.Debug|x86.ActiveCfg = Debug|Any CPU
		{036796EF-455F-484A-B0C9-810FA1062D46}.Debug|x86.Build.0 = Debug|Any CPU
		{036796EF-455F-484A-B0C9-810FA1062D46}.Release|Any CPU.ActiveCfg = Release|Any CPU
		{036796EF-455F-484A-B0C9-810FA1062D46}.Release|Any CPU.Build.0 = Release|Any CPU
		{036796EF-455F-484A-B0C9-810FA1062D46}.Release|x64.ActiveCfg = Release|Any CPU
		{036796EF-455F-484A-B0C9-810FA1062D46}.Release|x64.Build.0 = Release|Any CPU
		{036796EF-455F-484A-B0C9-810FA1062D46}.Release|x86.ActiveCfg = Release|Any CPU
		{036796EF-455F-484A-B0C9-810FA1062D46}.Release|x86.Build.0 = Release|Any CPU
	EndGlobalSection
	GlobalSection(SolutionProperties) = preSolution
		HideSolutionNode = FALSE
	EndGlobalSection
	GlobalSection(NestedProjects) = preSolution
		{37525E82-8E56-44F1-8EF4-32848D0B0149} = {827E0CD3-B72D-47B6-A68D-7590B98EB39B}
		{E87169BB-1F06-4543-B0EF-792D8A7C1D9E} = {827E0CD3-B72D-47B6-A68D-7590B98EB39B}
		{F55ACC34-D649-455D-AFE1-E37BE2007276} = {827E0CD3-B72D-47B6-A68D-7590B98EB39B}
		{036796EF-455F-484A-B0C9-810FA1062D46} = {0AB3BF05-4346-4AA6-1389-037BE0695223}
	EndGlobalSection
EndGlobal
